
Microsoft Visual Studio Solution File, Format Version 12.00
# Visual Studio 15
VisualStudioVersion = 15.0.27428.2043
MinimumVisualStudioVersion = 10.0.40219.1
Project("{9A19103F-16F7-4668-BE54-9A1E7A4F7556}") = "DeviceDiscovery.Test", "DeviceDiscovery.Test\DeviceDiscovery.Test.csproj", "{3A3C94F8-67D3-4828-BE51-590446F17098}"
EndProject
Project("{FAE04EC0-301F-11D3-BF4B-00C04F79EFBC}") = "DeviceDiscovery", "DeviceDiscovery\DeviceDiscovery.csproj", "{6A8AAC51-75D5-4097-BEC2-4789B64374AF}"
EndProject
Global
	GlobalSection(SolutionConfigurationPlatforms) = preSolution
		Debug|Any CPU = Debug|Any CPU
		Release|Any CPU = Release|Any CPU
	EndGlobalSection
	GlobalSection(ProjectConfigurationPlatforms) = postSolution
		{3A3C94F8-67D3-4828-BE51-590446F17098}.Debug|Any CPU.ActiveCfg = Debug|Any CPU
		{3A3C94F8-67D3-4828-BE51-590446F17098}.Debug|Any CPU.Build.0 = Debug|Any CPU
		{3A3C94F8-67D3-4828-BE51-590446F17098}.Release|Any CPU.ActiveCfg = Release|Any CPU
		{3A3C94F8-67D3-4828-BE51-590446F17098}.Release|Any CPU.Build.0 = Release|Any CPU
		{6A8AAC51-75D5-4097-BEC2-4789B64374AF}.Debug|Any CPU.ActiveCfg = Debug|Any CPU
		{6A8AAC51-75D5-4097-BEC2-4789B64374AF}.Debug|Any CPU.Build.0 = Debug|Any CPU
		{6A8AAC51-75D5-4097-BEC2-4789B64374AF}.Release|Any CPU.ActiveCfg = Release|Any CPU
		{6A8AAC51-75D5-4097-BEC2-4789B64374AF}.Release|Any CPU.Build.0 = Release|Any CPU
	EndGlobalSection
	GlobalSection(SolutionProperties) = preSolution
		HideSolutionNode = FALSE
	EndGlobalSection
	GlobalSection(ExtensibilityGlobals) = postSolution
		SolutionGuid = {CB878F52-6952-415D-BFF4-6259371C3D6E}
	EndGlobalSection
EndGlobal
